// !$*UTF8*$!
{
	archiveVersion = 1;
	classes = {
	};
	objectVersion = 46;
	objects = {

/* Begin PBXBuildFile section */
		84553AAB1EA9A30E002FC299 /* FrontierData.framework in Frameworks */ = {isa = PBXBuildFile; fileRef = 84553AA11EA9A30E002FC299 /* FrontierData.framework */; };
		84553AB01EA9A30E002FC299 /* FrontierDataTests.swift in Sources */ = {isa = PBXBuildFile; fileRef = 84553AAF1EA9A30E002FC299 /* FrontierDataTests.swift */; };
		84553AB21EA9A30E002FC299 /* FrontierData.h in Headers */ = {isa = PBXBuildFile; fileRef = 84553AA41EA9A30E002FC299 /* FrontierData.h */; settings = {ATTRIBUTES = (Public, ); }; };
		8481D3571EA9A3BC008DBA8A /* HashTable.swift in Sources */ = {isa = PBXBuildFile; fileRef = 8481D3561EA9A3BC008DBA8A /* HashTable.swift */; };
		8481D3591EA9A72C008DBA8A /* Address.swift in Sources */ = {isa = PBXBuildFile; fileRef = 8481D3581EA9A72C008DBA8A /* Address.swift */; };
		8481D35B1EA9A7CB008DBA8A /* HashNode.swift in Sources */ = {isa = PBXBuildFile; fileRef = 8481D35A1EA9A7CB008DBA8A /* HashNode.swift */; };
		8481D35F1EA9AF91008DBA8A /* Direction.swift in Sources */ = {isa = PBXBuildFile; fileRef = 8481D35E1EA9AF91008DBA8A /* Direction.swift */; };
		8481D3611EA9B09F008DBA8A /* CodeTreeNode.swift in Sources */ = {isa = PBXBuildFile; fileRef = 8481D3601EA9B09F008DBA8A /* CodeTreeNode.swift */; };
		8481D3651EA9B177008DBA8A /* CodeTreeType.swift in Sources */ = {isa = PBXBuildFile; fileRef = 8481D3641EA9B177008DBA8A /* CodeTreeType.swift */; };
		8481D3671EA9B353008DBA8A /* LangError.swift in Sources */ = {isa = PBXBuildFile; fileRef = 8481D3661EA9B353008DBA8A /* LangError.swift */; };
		8481D36D1EAB011A008DBA8A /* ValueBool.swift in Sources */ = {isa = PBXBuildFile; fileRef = 8481D36C1EAB011A008DBA8A /* ValueBool.swift */; };
		8481D36F1EAB047D008DBA8A /* ValueInt.swift in Sources */ = {isa = PBXBuildFile; fileRef = 8481D36E1EAB047D008DBA8A /* ValueInt.swift */; };
		8481D3711EAB048E008DBA8A /* ValueType.swift in Sources */ = {isa = PBXBuildFile; fileRef = 8481D3701EAB048E008DBA8A /* ValueType.swift */; };
		8481D3731EAB0495008DBA8A /* ValueProtocol.swift in Sources */ = {isa = PBXBuildFile; fileRef = 8481D3721EAB0495008DBA8A /* ValueProtocol.swift */; };
		8481D3751EAB0516008DBA8A /* ValueChar.swift in Sources */ = {isa = PBXBuildFile; fileRef = 8481D3741EAB0516008DBA8A /* ValueChar.swift */; };
		8481D3771EAB05E3008DBA8A /* ValueDate.swift in Sources */ = {isa = PBXBuildFile; fileRef = 8481D3761EAB05E3008DBA8A /* ValueDate.swift */; };
		8481D3791EAB14DB008DBA8A /* ValueOSType.swift in Sources */ = {isa = PBXBuildFile; fileRef = 8481D3781EAB14DB008DBA8A /* ValueOSType.swift */; };
		8481D37B1EAB1CD1008DBA8A /* ValueEnum.swift in Sources */ = {isa = PBXBuildFile; fileRef = 8481D37A1EAB1CD1008DBA8A /* ValueEnum.swift */; };
		8481D37D1EAB1E83008DBA8A /* ValueDirection.swift in Sources */ = {isa = PBXBuildFile; fileRef = 8481D37C1EAB1E83008DBA8A /* ValueDirection.swift */; };
		8481D37F1EAB211A008DBA8A /* ValueAddress.swift in Sources */ = {isa = PBXBuildFile; fileRef = 8481D37E1EAB211A008DBA8A /* ValueAddress.swift */; };
		8481D3811EAB2802008DBA8A /* ValueString.swift in Sources */ = {isa = PBXBuildFile; fileRef = 8481D3801EAB2802008DBA8A /* ValueString.swift */; };
		8481D3831EABD41E008DBA8A /* ValueDouble.swift in Sources */ = {isa = PBXBuildFile; fileRef = 8481D3821EABD41E008DBA8A /* ValueDouble.swift */; };
		8481D3851EABD475008DBA8A /* ValueBinary.swift in Sources */ = {isa = PBXBuildFile; fileRef = 8481D3841EABD475008DBA8A /* ValueBinary.swift */; };
		8481D3871EABD4C0008DBA8A /* ValueFileSpec.swift in Sources */ = {isa = PBXBuildFile; fileRef = 8481D3861EABD4C0008DBA8A /* ValueFileSpec.swift */; };
		8481D3891EABD539008DBA8A /* ValueList.swift in Sources */ = {isa = PBXBuildFile; fileRef = 8481D3881EABD539008DBA8A /* ValueList.swift */; };
		8481D38B1EABD8DD008DBA8A /* ValueRecord.swift in Sources */ = {isa = PBXBuildFile; fileRef = 8481D38A1EABD8DD008DBA8A /* ValueRecord.swift */; };
		8481D38D1EABDA37008DBA8A /* ValueNone.swift in Sources */ = {isa = PBXBuildFile; fileRef = 8481D38C1EABDA37008DBA8A /* ValueNone.swift */; };
		8481D38F1EAC1958008DBA8A /* List.swift in Sources */ = {isa = PBXBuildFile; fileRef = 8481D38E1EAC1958008DBA8A /* List.swift */; };
		8481D3911EAC19E4008DBA8A /* Record.swift in Sources */ = {isa = PBXBuildFile; fileRef = 8481D3901EAC19E4008DBA8A /* Record.swift */; };
		8481D3931EAC1A74008DBA8A /* Enum.swift in Sources */ = {isa = PBXBuildFile; fileRef = 8481D3921EAC1A74008DBA8A /* Enum.swift */; };
		8481D3951EAC20E4008DBA8A /* FileSpec.swift in Sources */ = {isa = PBXBuildFile; fileRef = 8481D3941EAC20E4008DBA8A /* FileSpec.swift */; };
		8481D3971EAC247D008DBA8A /* OSType-Extension.swift in Sources */ = {isa = PBXBuildFile; fileRef = 8481D3961EAC247D008DBA8A /* OSType-Extension.swift */; };
/* End PBXBuildFile section */

/* Begin PBXContainerItemProxy section */
		84553AAC1EA9A30E002FC299 /* PBXContainerItemProxy */ = {
			isa = PBXContainerItemProxy;
			containerPortal = 84553A981EA9A30E002FC299 /* Project object */;
			proxyType = 1;
			remoteGlobalIDString = 84553AA01EA9A30E002FC299;
			remoteInfo = FrontierData;
		};
/* End PBXContainerItemProxy section */

/* Begin PBXFileReference section */
		84553AA11EA9A30E002FC299 /* FrontierData.framework */ = {isa = PBXFileReference; explicitFileType = wrapper.framework; includeInIndex = 0; path = FrontierData.framework; sourceTree = BUILT_PRODUCTS_DIR; };
		84553AA41EA9A30E002FC299 /* FrontierData.h */ = {isa = PBXFileReference; lastKnownFileType = sourcecode.c.h; name = FrontierData.h; path = FrontierData/FrontierData.h; sourceTree = "<group>"; };
		84553AA51EA9A30E002FC299 /* Info.plist */ = {isa = PBXFileReference; lastKnownFileType = text.plist.xml; name = Info.plist; path = FrontierData/Info.plist; sourceTree = "<group>"; };
		84553AAA1EA9A30E002FC299 /* FrontierDataTests.xctest */ = {isa = PBXFileReference; explicitFileType = wrapper.cfbundle; includeInIndex = 0; path = FrontierDataTests.xctest; sourceTree = BUILT_PRODUCTS_DIR; };
		84553AAF1EA9A30E002FC299 /* FrontierDataTests.swift */ = {isa = PBXFileReference; lastKnownFileType = sourcecode.swift; path = FrontierDataTests.swift; sourceTree = "<group>"; };
		84553AB11EA9A30E002FC299 /* Info.plist */ = {isa = PBXFileReference; lastKnownFileType = text.plist.xml; path = Info.plist; sourceTree = "<group>"; };
		8481D3561EA9A3BC008DBA8A /* HashTable.swift */ = {isa = PBXFileReference; fileEncoding = 4; lastKnownFileType = sourcecode.swift; name = HashTable.swift; path = FrontierData/HashTable.swift; sourceTree = "<group>"; };
		8481D3581EA9A72C008DBA8A /* Address.swift */ = {isa = PBXFileReference; fileEncoding = 4; lastKnownFileType = sourcecode.swift; name = Address.swift; path = FrontierData/Address.swift; sourceTree = "<group>"; };
		8481D35A1EA9A7CB008DBA8A /* HashNode.swift */ = {isa = PBXFileReference; fileEncoding = 4; lastKnownFileType = sourcecode.swift; name = HashNode.swift; path = FrontierData/HashNode.swift; sourceTree = "<group>"; };
		8481D35E1EA9AF91008DBA8A /* Direction.swift */ = {isa = PBXFileReference; fileEncoding = 4; lastKnownFileType = sourcecode.swift; name = Direction.swift; path = FrontierData/Direction.swift; sourceTree = "<group>"; };
		8481D3601EA9B09F008DBA8A /* CodeTreeNode.swift */ = {isa = PBXFileReference; fileEncoding = 4; lastKnownFileType = sourcecode.swift; name = CodeTreeNode.swift; path = FrontierData/CodeTreeNode.swift; sourceTree = "<group>"; };
		8481D3641EA9B177008DBA8A /* CodeTreeType.swift */ = {isa = PBXFileReference; fileEncoding = 4; lastKnownFileType = sourcecode.swift; name = CodeTreeType.swift; path = FrontierData/CodeTreeType.swift; sourceTree = "<group>"; };
		8481D3661EA9B353008DBA8A /* LangError.swift */ = {isa = PBXFileReference; fileEncoding = 4; lastKnownFileType = sourcecode.swift; name = LangError.swift; path = FrontierData/LangError.swift; sourceTree = "<group>"; };
		8481D36C1EAB011A008DBA8A /* ValueBool.swift */ = {isa = PBXFileReference; fileEncoding = 4; lastKnownFileType = sourcecode.swift; name = ValueBool.swift; path = FrontierData/Value/ValueBool.swift; sourceTree = "<group>"; };
		8481D36E1EAB047D008DBA8A /* ValueInt.swift */ = {isa = PBXFileReference; fileEncoding = 4; lastKnownFileType = sourcecode.swift; name = ValueInt.swift; path = FrontierData/Value/ValueInt.swift; sourceTree = "<group>"; };
		8481D3701EAB048E008DBA8A /* ValueType.swift */ = {isa = PBXFileReference; fileEncoding = 4; lastKnownFileType = sourcecode.swift; name = ValueType.swift; path = FrontierData/Value/ValueType.swift; sourceTree = "<group>"; };
		8481D3721EAB0495008DBA8A /* ValueProtocol.swift */ = {isa = PBXFileReference; fileEncoding = 4; lastKnownFileType = sourcecode.swift; name = ValueProtocol.swift; path = FrontierData/Value/ValueProtocol.swift; sourceTree = "<group>"; };
		8481D3741EAB0516008DBA8A /* ValueChar.swift */ = {isa = PBXFileReference; fileEncoding = 4; lastKnownFileType = sourcecode.swift; name = ValueChar.swift; path = FrontierData/Value/ValueChar.swift; sourceTree = "<group>"; };
		8481D3761EAB05E3008DBA8A /* ValueDate.swift */ = {isa = PBXFileReference; fileEncoding = 4; lastKnownFileType = sourcecode.swift; name = ValueDate.swift; path = FrontierData/Value/ValueDate.swift; sourceTree = "<group>"; };
		8481D3781EAB14DB008DBA8A /* ValueOSType.swift */ = {isa = PBXFileReference; fileEncoding = 4; lastKnownFileType = sourcecode.swift; name = ValueOSType.swift; path = FrontierData/Value/ValueOSType.swift; sourceTree = "<group>"; };
		8481D37A1EAB1CD1008DBA8A /* ValueEnum.swift */ = {isa = PBXFileReference; fileEncoding = 4; lastKnownFileType = sourcecode.swift; name = ValueEnum.swift; path = FrontierData/Value/ValueEnum.swift; sourceTree = "<group>"; };
		8481D37C1EAB1E83008DBA8A /* ValueDirection.swift */ = {isa = PBXFileReference; fileEncoding = 4; lastKnownFileType = sourcecode.swift; name = ValueDirection.swift; path = FrontierData/Value/ValueDirection.swift; sourceTree = "<group>"; };
		8481D37E1EAB211A008DBA8A /* ValueAddress.swift */ = {isa = PBXFileReference; fileEncoding = 4; lastKnownFileType = sourcecode.swift; name = ValueAddress.swift; path = FrontierData/Value/ValueAddress.swift; sourceTree = "<group>"; };
		8481D3801EAB2802008DBA8A /* ValueString.swift */ = {isa = PBXFileReference; fileEncoding = 4; lastKnownFileType = sourcecode.swift; name = ValueString.swift; path = FrontierData/Value/ValueString.swift; sourceTree = "<group>"; };
		8481D3821EABD41E008DBA8A /* ValueDouble.swift */ = {isa = PBXFileReference; fileEncoding = 4; lastKnownFileType = sourcecode.swift; name = ValueDouble.swift; path = FrontierData/Value/ValueDouble.swift; sourceTree = "<group>"; };
		8481D3841EABD475008DBA8A /* ValueBinary.swift */ = {isa = PBXFileReference; fileEncoding = 4; lastKnownFileType = sourcecode.swift; name = ValueBinary.swift; path = FrontierData/Value/ValueBinary.swift; sourceTree = "<group>"; };
		8481D3861EABD4C0008DBA8A /* ValueFileSpec.swift */ = {isa = PBXFileReference; fileEncoding = 4; lastKnownFileType = sourcecode.swift; name = ValueFileSpec.swift; path = FrontierData/Value/ValueFileSpec.swift; sourceTree = "<group>"; };
		8481D3881EABD539008DBA8A /* ValueList.swift */ = {isa = PBXFileReference; fileEncoding = 4; lastKnownFileType = sourcecode.swift; name = ValueList.swift; path = FrontierData/Value/ValueList.swift; sourceTree = "<group>"; };
		8481D38A1EABD8DD008DBA8A /* ValueRecord.swift */ = {isa = PBXFileReference; fileEncoding = 4; lastKnownFileType = sourcecode.swift; name = ValueRecord.swift; path = FrontierData/Value/ValueRecord.swift; sourceTree = "<group>"; };
		8481D38C1EABDA37008DBA8A /* ValueNone.swift */ = {isa = PBXFileReference; fileEncoding = 4; lastKnownFileType = sourcecode.swift; name = ValueNone.swift; path = FrontierData/Value/ValueNone.swift; sourceTree = "<group>"; };
		8481D38E1EAC1958008DBA8A /* List.swift */ = {isa = PBXFileReference; fileEncoding = 4; lastKnownFileType = sourcecode.swift; name = List.swift; path = FrontierData/List.swift; sourceTree = "<group>"; };
		8481D3901EAC19E4008DBA8A /* Record.swift */ = {isa = PBXFileReference; fileEncoding = 4; lastKnownFileType = sourcecode.swift; name = Record.swift; path = FrontierData/Record.swift; sourceTree = "<group>"; };
		8481D3921EAC1A74008DBA8A /* Enum.swift */ = {isa = PBXFileReference; fileEncoding = 4; lastKnownFileType = sourcecode.swift; name = Enum.swift; path = FrontierData/Enum.swift; sourceTree = "<group>"; };
		8481D3941EAC20E4008DBA8A /* FileSpec.swift */ = {isa = PBXFileReference; fileEncoding = 4; lastKnownFileType = sourcecode.swift; name = FileSpec.swift; path = FrontierData/FileSpec.swift; sourceTree = "<group>"; };
		8481D3961EAC247D008DBA8A /* OSType-Extension.swift */ = {isa = PBXFileReference; fileEncoding = 4; lastKnownFileType = sourcecode.swift; name = "OSType-Extension.swift"; path = "FrontierData/OSType-Extension.swift"; sourceTree = "<group>"; };
/* End PBXFileReference section */

/* Begin PBXFrameworksBuildPhase section */
		84553A9D1EA9A30E002FC299 /* Frameworks */ = {
			isa = PBXFrameworksBuildPhase;
			buildActionMask = 2147483647;
			files = (
			);
			runOnlyForDeploymentPostprocessing = 0;
		};
		84553AA71EA9A30E002FC299 /* Frameworks */ = {
			isa = PBXFrameworksBuildPhase;
			buildActionMask = 2147483647;
			files = (
				84553AAB1EA9A30E002FC299 /* FrontierData.framework in Frameworks */,
			);
			runOnlyForDeploymentPostprocessing = 0;
		};
/* End PBXFrameworksBuildPhase section */

/* Begin PBXGroup section */
		84553A971EA9A30E002FC299 = {
			isa = PBXGroup;
			children = (
				84553AA41EA9A30E002FC299 /* FrontierData.h */,
				8481D3561EA9A3BC008DBA8A /* HashTable.swift */,
				8481D35A1EA9A7CB008DBA8A /* HashNode.swift */,
				8481D3581EA9A72C008DBA8A /* Address.swift */,
				8481D35E1EA9AF91008DBA8A /* Direction.swift */,
				8481D38E1EAC1958008DBA8A /* List.swift */,
				8481D3901EAC19E4008DBA8A /* Record.swift */,
				8481D3941EAC20E4008DBA8A /* FileSpec.swift */,
				8481D3921EAC1A74008DBA8A /* Enum.swift */,
				8481D3961EAC247D008DBA8A /* OSType-Extension.swift */,
				8481D36B1EAB00F9008DBA8A /* Value */,
				8481D3601EA9B09F008DBA8A /* CodeTreeNode.swift */,
				8481D3641EA9B177008DBA8A /* CodeTreeType.swift */,
				8481D3661EA9B353008DBA8A /* LangError.swift */,
				84553AA51EA9A30E002FC299 /* Info.plist */,
				84553AAE1EA9A30E002FC299 /* FrontierDataTests */,
				84553AA21EA9A30E002FC299 /* Products */,
			);
			sourceTree = "<group>";
		};
		84553AA21EA9A30E002FC299 /* Products */ = {
			isa = PBXGroup;
			children = (
				84553AA11EA9A30E002FC299 /* FrontierData.framework */,
				84553AAA1EA9A30E002FC299 /* FrontierDataTests.xctest */,
			);
			name = Products;
			sourceTree = "<group>";
		};
		84553AAE1EA9A30E002FC299 /* FrontierDataTests */ = {
			isa = PBXGroup;
			children = (
				84553AAF1EA9A30E002FC299 /* FrontierDataTests.swift */,
				84553AB11EA9A30E002FC299 /* Info.plist */,
			);
			path = FrontierDataTests;
			sourceTree = "<group>";
		};
		8481D36B1EAB00F9008DBA8A /* Value */ = {
			isa = PBXGroup;
			children = (
				8481D3701EAB048E008DBA8A /* ValueType.swift */,
				8481D3721EAB0495008DBA8A /* ValueProtocol.swift */,
				8481D38C1EABDA37008DBA8A /* ValueNone.swift */,
				8481D36C1EAB011A008DBA8A /* ValueBool.swift */,
				8481D3741EAB0516008DBA8A /* ValueChar.swift */,
				8481D36E1EAB047D008DBA8A /* ValueInt.swift */,
				8481D3821EABD41E008DBA8A /* ValueDouble.swift */,
				8481D3761EAB05E3008DBA8A /* ValueDate.swift */,
				8481D3781EAB14DB008DBA8A /* ValueOSType.swift */,
				8481D37A1EAB1CD1008DBA8A /* ValueEnum.swift */,
				8481D37C1EAB1E83008DBA8A /* ValueDirection.swift */,
				8481D37E1EAB211A008DBA8A /* ValueAddress.swift */,
				8481D3801EAB2802008DBA8A /* ValueString.swift */,
				8481D3841EABD475008DBA8A /* ValueBinary.swift */,
				8481D3861EABD4C0008DBA8A /* ValueFileSpec.swift */,
				8481D3881EABD539008DBA8A /* ValueList.swift */,
				8481D38A1EABD8DD008DBA8A /* ValueRecord.swift */,
			);
			name = Value;
			sourceTree = "<group>";
		};
/* End PBXGroup section */

/* Begin PBXHeadersBuildPhase section */
		84553A9E1EA9A30E002FC299 /* Headers */ = {
			isa = PBXHeadersBuildPhase;
			buildActionMask = 2147483647;
			files = (
				84553AB21EA9A30E002FC299 /* FrontierData.h in Headers */,
			);
			runOnlyForDeploymentPostprocessing = 0;
		};
/* End PBXHeadersBuildPhase section */

/* Begin PBXNativeTarget section */
		84553AA01EA9A30E002FC299 /* FrontierData */ = {
			isa = PBXNativeTarget;
			buildConfigurationList = 84553AB51EA9A30E002FC299 /* Build configuration list for PBXNativeTarget "FrontierData" */;
			buildPhases = (
				84553A9C1EA9A30E002FC299 /* Sources */,
				84553A9D1EA9A30E002FC299 /* Frameworks */,
				84553A9E1EA9A30E002FC299 /* Headers */,
				84553A9F1EA9A30E002FC299 /* Resources */,
			);
			buildRules = (
			);
			dependencies = (
			);
			name = FrontierData;
			productName = FrontierData;
			productReference = 84553AA11EA9A30E002FC299 /* FrontierData.framework */;
			productType = "com.apple.product-type.framework";
		};
		84553AA91EA9A30E002FC299 /* FrontierDataTests */ = {
			isa = PBXNativeTarget;
			buildConfigurationList = 84553AB81EA9A30E002FC299 /* Build configuration list for PBXNativeTarget "FrontierDataTests" */;
			buildPhases = (
				84553AA61EA9A30E002FC299 /* Sources */,
				84553AA71EA9A30E002FC299 /* Frameworks */,
				84553AA81EA9A30E002FC299 /* Resources */,
			);
			buildRules = (
			);
			dependencies = (
				84553AAD1EA9A30E002FC299 /* PBXTargetDependency */,
			);
			name = FrontierDataTests;
			productName = FrontierDataTests;
			productReference = 84553AAA1EA9A30E002FC299 /* FrontierDataTests.xctest */;
			productType = "com.apple.product-type.bundle.unit-test";
		};
/* End PBXNativeTarget section */

/* Begin PBXProject section */
		84553A981EA9A30E002FC299 /* Project object */ = {
			isa = PBXProject;
			attributes = {
				LastSwiftUpdateCheck = 0820;
				LastUpgradeCheck = 0820;
				ORGANIZATIONNAME = "Ranchero Software";
				TargetAttributes = {
					84553AA01EA9A30E002FC299 = {
						CreatedOnToolsVersion = 8.2.1;
						DevelopmentTeam = 9C84TZ7Q6Z;
						LastSwiftMigration = 0820;
						ProvisioningStyle = Automatic;
					};
					84553AA91EA9A30E002FC299 = {
						CreatedOnToolsVersion = 8.2.1;
						DevelopmentTeam = 9C84TZ7Q6Z;
						ProvisioningStyle = Automatic;
					};
				};
			};
			buildConfigurationList = 84553A9B1EA9A30E002FC299 /* Build configuration list for PBXProject "FrontierData" */;
			compatibilityVersion = "Xcode 3.2";
			developmentRegion = English;
			hasScannedForEncodings = 0;
			knownRegions = (
				en,
			);
			mainGroup = 84553A971EA9A30E002FC299;
			productRefGroup = 84553AA21EA9A30E002FC299 /* Products */;
			projectDirPath = "";
			projectRoot = "";
			targets = (
				84553AA01EA9A30E002FC299 /* FrontierData */,
				84553AA91EA9A30E002FC299 /* FrontierDataTests */,
			);
		};
/* End PBXProject section */

/* Begin PBXResourcesBuildPhase section */
		84553A9F1EA9A30E002FC299 /* Resources */ = {
			isa = PBXResourcesBuildPhase;
			buildActionMask = 2147483647;
			files = (
			);
			runOnlyForDeploymentPostprocessing = 0;
		};
		84553AA81EA9A30E002FC299 /* Resources */ = {
			isa = PBXResourcesBuildPhase;
			buildActionMask = 2147483647;
			files = (
			);
			runOnlyForDeploymentPostprocessing = 0;
		};
/* End PBXResourcesBuildPhase section */

/* Begin PBXSourcesBuildPhase section */
		84553A9C1EA9A30E002FC299 /* Sources */ = {
			isa = PBXSourcesBuildPhase;
			buildActionMask = 2147483647;
			files = (
				8481D3951EAC20E4008DBA8A /* FileSpec.swift in Sources */,
				8481D3971EAC247D008DBA8A /* OSType-Extension.swift in Sources */,
				8481D37B1EAB1CD1008DBA8A /* ValueEnum.swift in Sources */,
				8481D3591EA9A72C008DBA8A /* Address.swift in Sources */,
				8481D3771EAB05E3008DBA8A /* ValueDate.swift in Sources */,
				8481D3831EABD41E008DBA8A /* ValueDouble.swift in Sources */,
				8481D3571EA9A3BC008DBA8A /* HashTable.swift in Sources */,
				8481D3931EAC1A74008DBA8A /* Enum.swift in Sources */,
				8481D3791EAB14DB008DBA8A /* ValueOSType.swift in Sources */,
				8481D36D1EAB011A008DBA8A /* ValueBool.swift in Sources */,
				8481D38B1EABD8DD008DBA8A /* ValueRecord.swift in Sources */,
				8481D37F1EAB211A008DBA8A /* ValueAddress.swift in Sources */,
				8481D3651EA9B177008DBA8A /* CodeTreeType.swift in Sources */,
				8481D3811EAB2802008DBA8A /* ValueString.swift in Sources */,
				8481D35B1EA9A7CB008DBA8A /* HashNode.swift in Sources */,
				8481D3751EAB0516008DBA8A /* ValueChar.swift in Sources */,
				8481D38F1EAC1958008DBA8A /* List.swift in Sources */,
				8481D3871EABD4C0008DBA8A /* ValueFileSpec.swift in Sources */,
				8481D35F1EA9AF91008DBA8A /* Direction.swift in Sources */,
				8481D38D1EABDA37008DBA8A /* ValueNone.swift in Sources */,
				8481D3611EA9B09F008DBA8A /* CodeTreeNode.swift in Sources */,
				8481D3711EAB048E008DBA8A /* ValueType.swift in Sources */,
				8481D3671EA9B353008DBA8A /* LangError.swift in Sources */,
				8481D3911EAC19E4008DBA8A /* Record.swift in Sources */,
				8481D3891EABD539008DBA8A /* ValueList.swift in Sources */,
				8481D37D1EAB1E83008DBA8A /* ValueDirection.swift in Sources */,
				8481D36F1EAB047D008DBA8A /* ValueInt.swift in Sources */,
				8481D3851EABD475008DBA8A /* ValueBinary.swift in Sources */,
				8481D3731EAB0495008DBA8A /* ValueProtocol.swift in Sources */,
			);
			runOnlyForDeploymentPostprocessing = 0;
		};
		84553AA61EA9A30E002FC299 /* Sources */ = {
			isa = PBXSourcesBuildPhase;
			buildActionMask = 2147483647;
			files = (
				84553AB01EA9A30E002FC299 /* FrontierDataTests.swift in Sources */,
			);
			runOnlyForDeploymentPostprocessing = 0;
		};
/* End PBXSourcesBuildPhase section */

/* Begin PBXTargetDependency section */
		84553AAD1EA9A30E002FC299 /* PBXTargetDependency */ = {
			isa = PBXTargetDependency;
			target = 84553AA01EA9A30E002FC299 /* FrontierData */;
			targetProxy = 84553AAC1EA9A30E002FC299 /* PBXContainerItemProxy */;
		};
/* End PBXTargetDependency section */

/* Begin XCBuildConfiguration section */
		84553AB31EA9A30E002FC299 /* Debug */ = {
			isa = XCBuildConfiguration;
			buildSettings = {
				ALWAYS_SEARCH_USER_PATHS = NO;
				CLANG_ANALYZER_NONNULL = YES;
				CLANG_CXX_LANGUAGE_STANDARD = "gnu++0x";
				CLANG_CXX_LIBRARY = "libc++";
				CLANG_ENABLE_MODULES = YES;
				CLANG_ENABLE_OBJC_ARC = YES;
				CLANG_WARN_BOOL_CONVERSION = YES;
				CLANG_WARN_CONSTANT_CONVERSION = YES;
				CLANG_WARN_DIRECT_OBJC_ISA_USAGE = YES_ERROR;
				CLANG_WARN_DOCUMENTATION_COMMENTS = YES;
				CLANG_WARN_EMPTY_BODY = YES;
				CLANG_WARN_ENUM_CONVERSION = YES;
				CLANG_WARN_INFINITE_RECURSION = YES;
				CLANG_WARN_INT_CONVERSION = YES;
				CLANG_WARN_OBJC_ROOT_CLASS = YES_ERROR;
				CLANG_WARN_SUSPICIOUS_MOVE = YES;
				CLANG_WARN_UNREACHABLE_CODE = YES;
				CLANG_WARN__DUPLICATE_METHOD_MATCH = YES;
				CODE_SIGN_IDENTITY = "-";
				COPY_PHASE_STRIP = NO;
				CURRENT_PROJECT_VERSION = 1;
				DEBUG_INFORMATION_FORMAT = dwarf;
				ENABLE_STRICT_OBJC_MSGSEND = YES;
				ENABLE_TESTABILITY = YES;
				GCC_C_LANGUAGE_STANDARD = gnu99;
				GCC_DYNAMIC_NO_PIC = NO;
				GCC_NO_COMMON_BLOCKS = YES;
				GCC_OPTIMIZATION_LEVEL = 0;
				GCC_PREPROCESSOR_DEFINITIONS = (
					"DEBUG=1",
					"$(inherited)",
				);
				GCC_WARN_64_TO_32_BIT_CONVERSION = YES;
				GCC_WARN_ABOUT_RETURN_TYPE = YES_ERROR;
				GCC_WARN_FOUR_CHARACTER_CONSTANTS = YES;
				GCC_WARN_UNDECLARED_SELECTOR = YES;
				GCC_WARN_UNINITIALIZED_AUTOS = YES_AGGRESSIVE;
				GCC_WARN_UNUSED_FUNCTION = YES;
				GCC_WARN_UNUSED_VARIABLE = YES;
				MACOSX_DEPLOYMENT_TARGET = 10.12;
				MTL_ENABLE_DEBUG_INFO = YES;
				ONLY_ACTIVE_ARCH = YES;
				SDKROOT = macosx;
				SWIFT_ACTIVE_COMPILATION_CONDITIONS = DEBUG;
				SWIFT_OPTIMIZATION_LEVEL = "-Onone";
				VERSIONING_SYSTEM = "apple-generic";
				VERSION_INFO_PREFIX = "";
			};
			name = Debug;
		};
		84553AB41EA9A30E002FC299 /* Release */ = {
			isa = XCBuildConfiguration;
			buildSettings = {
				ALWAYS_SEARCH_USER_PATHS = NO;
				CLANG_ANALYZER_NONNULL = YES;
				CLANG_CXX_LANGUAGE_STANDARD = "gnu++0x";
				CLANG_CXX_LIBRARY = "libc++";
				CLANG_ENABLE_MODULES = YES;
				CLANG_ENABLE_OBJC_ARC = YES;
				CLANG_WARN_BOOL_CONVERSION = YES;
				CLANG_WARN_CONSTANT_CONVERSION = YES;
				CLANG_WARN_DIRECT_OBJC_ISA_USAGE = YES_ERROR;
				CLANG_WARN_DOCUMENTATION_COMMENTS = YES;
				CLANG_WARN_EMPTY_BODY = YES;
				CLANG_WARN_ENUM_CONVERSION = YES;
				CLANG_WARN_INFINITE_RECURSION = YES;
				CLANG_WARN_INT_CONVERSION = YES;
				CLANG_WARN_OBJC_ROOT_CLASS = YES_ERROR;
				CLANG_WARN_SUSPICIOUS_MOVE = YES;
				CLANG_WARN_UNREACHABLE_CODE = YES;
				CLANG_WARN__DUPLICATE_METHOD_MATCH = YES;
				CODE_SIGN_IDENTITY = "-";
				COPY_PHASE_STRIP = NO;
				CURRENT_PROJECT_VERSION = 1;
				DEBUG_INFORMATION_FORMAT = "dwarf-with-dsym";
				ENABLE_NS_ASSERTIONS = NO;
				ENABLE_STRICT_OBJC_MSGSEND = YES;
				GCC_C_LANGUAGE_STANDARD = gnu99;
				GCC_NO_COMMON_BLOCKS = YES;
				GCC_WARN_64_TO_32_BIT_CONVERSION = YES;
				GCC_WARN_ABOUT_RETURN_TYPE = YES_ERROR;
				GCC_WARN_FOUR_CHARACTER_CONSTANTS = YES;
				GCC_WARN_UNDECLARED_SELECTOR = YES;
				GCC_WARN_UNINITIALIZED_AUTOS = YES_AGGRESSIVE;
				GCC_WARN_UNUSED_FUNCTION = YES;
				GCC_WARN_UNUSED_VARIABLE = YES;
				MACOSX_DEPLOYMENT_TARGET = 10.12;
				MTL_ENABLE_DEBUG_INFO = NO;
				SDKROOT = macosx;
				SWIFT_OPTIMIZATION_LEVEL = "-Owholemodule";
				VERSIONING_SYSTEM = "apple-generic";
				VERSION_INFO_PREFIX = "";
			};
			name = Release;
		};
		84553AB61EA9A30E002FC299 /* Debug */ = {
			isa = XCBuildConfiguration;
			buildSettings = {
				CLANG_ENABLE_MODULES = YES;
				CODE_SIGN_IDENTITY = "";
				COMBINE_HIDPI_IMAGES = YES;
				DEFINES_MODULE = YES;
				DEVELOPMENT_TEAM = 9C84TZ7Q6Z;
				DYLIB_COMPATIBILITY_VERSION = 1;
				DYLIB_CURRENT_VERSION = 1;
				DYLIB_INSTALL_NAME_BASE = "@rpath";
				FRAMEWORK_VERSION = A;
				INFOPLIST_FILE = FrontierData/Info.plist;
				INSTALL_PATH = "$(LOCAL_LIBRARY_DIR)/Frameworks";
				LD_RUNPATH_SEARCH_PATHS = "$(inherited) @executable_path/../Frameworks @loader_path/Frameworks";
				PRODUCT_BUNDLE_IDENTIFIER = com.ranchero.FrontierData;
				PRODUCT_NAME = "$(TARGET_NAME)";
				SKIP_INSTALL = YES;
				SWIFT_OPTIMIZATION_LEVEL = "-Onone";
				SWIFT_VERSION = 3.0;
			};
			name = Debug;
		};
		84553AB71EA9A30E002FC299 /* Release */ = {
			isa = XCBuildConfiguration;
			buildSettings = {
				CLANG_ENABLE_MODULES = YES;
				CODE_SIGN_IDENTITY = "";
				COMBINE_HIDPI_IMAGES = YES;
				DEFINES_MODULE = YES;
				DEVELOPMENT_TEAM = 9C84TZ7Q6Z;
				DYLIB_COMPATIBILITY_VERSION = 1;
				DYLIB_CURRENT_VERSION = 1;
				DYLIB_INSTALL_NAME_BASE = "@rpath";
				FRAMEWORK_VERSION = A;
				INFOPLIST_FILE = FrontierData/Info.plist;
				INSTALL_PATH = "$(LOCAL_LIBRARY_DIR)/Frameworks";
				LD_RUNPATH_SEARCH_PATHS = "$(inherited) @executable_path/../Frameworks @loader_path/Frameworks";
				PRODUCT_BUNDLE_IDENTIFIER = com.ranchero.FrontierData;
				PRODUCT_NAME = "$(TARGET_NAME)";
				SKIP_INSTALL = YES;
				SWIFT_VERSION = 3.0;
			};
			name = Release;
		};
		84553AB91EA9A30E002FC299 /* Debug */ = {
			isa = XCBuildConfiguration;
			buildSettings = {
				ALWAYS_EMBED_SWIFT_STANDARD_LIBRARIES = YES;
				COMBINE_HIDPI_IMAGES = YES;
				DEVELOPMENT_TEAM = 9C84TZ7Q6Z;
				INFOPLIST_FILE = FrontierDataTests/Info.plist;
				LD_RUNPATH_SEARCH_PATHS = "$(inherited) @executable_path/../Frameworks @loader_path/../Frameworks";
				PRODUCT_BUNDLE_IDENTIFIER = com.ranchero.FrontierDataTests;
				PRODUCT_NAME = "$(TARGET_NAME)";
				SWIFT_VERSION = 3.0;
			};
			name = Debug;
		};
		84553ABA1EA9A30E002FC299 /* Release */ = {
			isa = XCBuildConfiguration;
			buildSettings = {
				ALWAYS_EMBED_SWIFT_STANDARD_LIBRARIES = YES;
				COMBINE_HIDPI_IMAGES = YES;
				DEVELOPMENT_TEAM = 9C84TZ7Q6Z;
				INFOPLIST_FILE = FrontierDataTests/Info.plist;
				LD_RUNPATH_SEARCH_PATHS = "$(inherited) @executable_path/../Frameworks @loader_path/../Frameworks";
				PRODUCT_BUNDLE_IDENTIFIER = com.ranchero.FrontierDataTests;
				PRODUCT_NAME = "$(TARGET_NAME)";
				SWIFT_VERSION = 3.0;
			};
			name = Release;
		};
/* End XCBuildConfiguration section */

/* Begin XCConfigurationList section */
		84553A9B1EA9A30E002FC299 /* Build configuration list for PBXProject "FrontierData" */ = {
			isa = XCConfigurationList;
			buildConfigurations = (
				84553AB31EA9A30E002FC299 /* Debug */,
				84553AB41EA9A30E002FC299 /* Release */,
			);
			defaultConfigurationIsVisible = 0;
			defaultConfigurationName = Release;
		};
		84553AB51EA9A30E002FC299 /* Build configuration list for PBXNativeTarget "FrontierData" */ = {
			isa = XCConfigurationList;
			buildConfigurations = (
				84553AB61EA9A30E002FC299 /* Debug */,
				84553AB71EA9A30E002FC299 /* Release */,
			);
			defaultConfigurationIsVisible = 0;
			defaultConfigurationName = Release;
		};
		84553AB81EA9A30E002FC299 /* Build configuration list for PBXNativeTarget "FrontierDataTests" */ = {
			isa = XCConfigurationList;
			buildConfigurations = (
				84553AB91EA9A30E002FC299 /* Debug */,
				84553ABA1EA9A30E002FC299 /* Release */,
			);
			defaultConfigurationIsVisible = 0;
			defaultConfigurationName = Release;
		};
/* End XCConfigurationList section */
	};
	rootObject = 84553A981EA9A30E002FC299 /* Project object */;
}
